// !$*UTF8*$!
{
	archiveVersion = 1;
	classes = {
	};
	objectVersion = 55;
	objects = {

/* Begin PBXBuildFile section */
		2A7FEEBC29058159007C4FB2 /* CombineAndCacheApp.swift in Sources */ = {isa = PBXBuildFile; fileRef = 2A7FEEBB29058159007C4FB2 /* CombineAndCacheApp.swift */; };
		2A7FEEBE29058159007C4FB2 /* ContentView.swift in Sources */ = {isa = PBXBuildFile; fileRef = 2A7FEEBD29058159007C4FB2 /* ContentView.swift */; };
		2A7FEEC02905815C007C4FB2 /* Assets.xcassets in Resources */ = {isa = PBXBuildFile; fileRef = 2A7FEEBF2905815C007C4FB2 /* Assets.xcassets */; };
		2A7FEEC32905815C007C4FB2 /* Preview Assets.xcassets in Resources */ = {isa = PBXBuildFile; fileRef = 2A7FEEC22905815C007C4FB2 /* Preview Assets.xcassets */; };
		2A7FEECD2905815C007C4FB2 /* CombineAndCacheTests.swift in Sources */ = {isa = PBXBuildFile; fileRef = 2A7FEECC2905815C007C4FB2 /* CombineAndCacheTests.swift */; };
		2A7FEED72905815C007C4FB2 /* CombineAndCacheUITests.swift in Sources */ = {isa = PBXBuildFile; fileRef = 2A7FEED62905815C007C4FB2 /* CombineAndCacheUITests.swift */; };
		2A7FEED92905815C007C4FB2 /* CombineAndCacheUITestsLaunchTests.swift in Sources */ = {isa = PBXBuildFile; fileRef = 2A7FEED82905815C007C4FB2 /* CombineAndCacheUITestsLaunchTests.swift */; };
/* End PBXBuildFile section */

/* Begin PBXContainerItemProxy section */
		2A7FEEC92905815C007C4FB2 /* PBXContainerItemProxy */ = {
			isa = PBXContainerItemProxy;
			containerPortal = 2A7FEEB029058159007C4FB2 /* Project object */;
			proxyType = 1;
			remoteGlobalIDString = 2A7FEEB729058159007C4FB2;
			remoteInfo = CombineAndCache;
		};
		2A7FEED32905815C007C4FB2 /* PBXContainerItemProxy */ = {
			isa = PBXContainerItemProxy;
			containerPortal = 2A7FEEB029058159007C4FB2 /* Project object */;
			proxyType = 1;
			remoteGlobalIDString = 2A7FEEB729058159007C4FB2;
			remoteInfo = CombineAndCache;
		};
/* End PBXContainerItemProxy section */

/* Begin PBXFileReference section */
		2A7FEEB829058159007C4FB2 /* CombineAndCache.app */ = {isa = PBXFileReference; explicitFileType = wrapper.application; includeInIndex = 0; path = CombineAndCache.app; sourceTree = BUILT_PRODUCTS_DIR; };
		2A7FEEBB29058159007C4FB2 /* CombineAndCacheApp.swift */ = {isa = PBXFileReference; lastKnownFileType = sourcecode.swift; path = CombineAndCacheApp.swift; sourceTree = "<group>"; };
		2A7FEEBD29058159007C4FB2 /* ContentView.swift */ = {isa = PBXFileReference; lastKnownFileType = sourcecode.swift; path = ContentView.swift; sourceTree = "<group>"; };
		2A7FEEBF2905815C007C4FB2 /* Assets.xcassets */ = {isa = PBXFileReference; lastKnownFileType = folder.assetcatalog; path = Assets.xcassets; sourceTree = "<group>"; };
		2A7FEEC22905815C007C4FB2 /* Preview Assets.xcassets */ = {isa = PBXFileReference; lastKnownFileType = folder.assetcatalog; path = "Preview Assets.xcassets"; sourceTree = "<group>"; };
		2A7FEEC82905815C007C4FB2 /* CombineAndCacheTests.xctest */ = {isa = PBXFileReference; explicitFileType = wrapper.cfbundle; includeInIndex = 0; path = CombineAndCacheTests.xctest; sourceTree = BUILT_PRODUCTS_DIR; };
		2A7FEECC2905815C007C4FB2 /* CombineAndCacheTests.swift */ = {isa = PBXFileReference; lastKnownFileType = sourcecode.swift; path = CombineAndCacheTests.swift; sourceTree = "<group>"; };
		2A7FEED22905815C007C4FB2 /* CombineAndCacheUITests.xctest */ = {isa = PBXFileReference; explicitFileType = wrapper.cfbundle; includeInIndex = 0; path = CombineAndCacheUITests.xctest; sourceTree = BUILT_PRODUCTS_DIR; };
		2A7FEED62905815C007C4FB2 /* CombineAndCacheUITests.swift */ = {isa = PBXFileReference; lastKnownFileType = sourcecode.swift; path = CombineAndCacheUITests.swift; sourceTree = "<group>"; };
		2A7FEED82905815C007C4FB2 /* CombineAndCacheUITestsLaunchTests.swift */ = {isa = PBXFileReference; lastKnownFileType = sourcecode.swift; path = CombineAndCacheUITestsLaunchTests.swift; sourceTree = "<group>"; };
/* End PBXFileReference section */

/* Begin PBXFrameworksBuildPhase section */
		2A7FEEB529058159007C4FB2 /* Frameworks */ = {
			isa = PBXFrameworksBuildPhase;
			buildActionMask = 2147483647;
			files = (
			);
			runOnlyForDeploymentPostprocessing = 0;
		};
		2A7FEEC52905815C007C4FB2 /* Frameworks */ = {
			isa = PBXFrameworksBuildPhase;
			buildActionMask = 2147483647;
			files = (
			);
			runOnlyForDeploymentPostprocessing = 0;
		};
		2A7FEECF2905815C007C4FB2 /* Frameworks */ = {
			isa = PBXFrameworksBuildPhase;
			buildActionMask = 2147483647;
			files = (
			);
			runOnlyForDeploymentPostprocessing = 0;
		};
/* End PBXFrameworksBuildPhase section */

/* Begin PBXGroup section */
		2A7FEEAF29058159007C4FB2 = {
			isa = PBXGroup;
			children = (
				2A7FEEBA29058159007C4FB2 /* CombineAndCache */,
				2A7FEECB2905815C007C4FB2 /* CombineAndCacheTests */,
				2A7FEED52905815C007C4FB2 /* CombineAndCacheUITests */,
				2A7FEEB929058159007C4FB2 /* Products */,
			);
			sourceTree = "<group>";
		};
		2A7FEEB929058159007C4FB2 /* Products */ = {
			isa = PBXGroup;
			children = (
				2A7FEEB829058159007C4FB2 /* CombineAndCache.app */,
				2A7FEEC82905815C007C4FB2 /* CombineAndCacheTests.xctest */,
				2A7FEED22905815C007C4FB2 /* CombineAndCacheUITests.xctest */,
			);
			name = Products;
			sourceTree = "<group>";
		};
		2A7FEEBA29058159007C4FB2 /* CombineAndCache */ = {
			isa = PBXGroup;
			children = (
				2A7FEEBB29058159007C4FB2 /* CombineAndCacheApp.swift */,
				2A7FEEBD29058159007C4FB2 /* ContentView.swift */,
				2A7FEEBF2905815C007C4FB2 /* Assets.xcassets */,
				2A7FEEC12905815C007C4FB2 /* Preview Content */,
			);
			path = CombineAndCache;
			sourceTree = "<group>";
		};
		2A7FEEC12905815C007C4FB2 /* Preview Content */ = {
			isa = PBXGroup;
			children = (
				2A7FEEC22905815C007C4FB2 /* Preview Assets.xcassets */,
			);
			path = "Preview Content";
			sourceTree = "<group>";
		};
		2A7FEECB2905815C007C4FB2 /* CombineAndCacheTests */ = {
			isa = PBXGroup;
			children = (
				2A7FEECC2905815C007C4FB2 /* CombineAndCacheTests.swift */,
			);
			path = CombineAndCacheTests;
			sourceTree = "<group>";
		};
		2A7FEED52905815C007C4FB2 /* CombineAndCacheUITests */ = {
			isa = PBXGroup;
			children = (
				2A7FEED62905815C007C4FB2 /* CombineAndCacheUITests.swift */,
				2A7FEED82905815C007C4FB2 /* CombineAndCacheUITestsLaunchTests.swift */,
			);
			path = CombineAndCacheUITests;
			sourceTree = "<group>";
		};
/* End PBXGroup section */

/* Begin PBXNativeTarget section */
		2A7FEEB729058159007C4FB2 /* CombineAndCache */ = {
			isa = PBXNativeTarget;
			buildConfigurationList = 2A7FEEDC2905815C007C4FB2 /* Build configuration list for PBXNativeTarget "CombineAndCache" */;
			buildPhases = (
				2A7FEEB429058159007C4FB2 /* Sources */,
				2A7FEEB529058159007C4FB2 /* Frameworks */,
				2A7FEEB629058159007C4FB2 /* Resources */,
			);
			buildRules = (
			);
			dependencies = (
			);
			name = CombineAndCache;
			productName = CombineAndCache;
			productReference = 2A7FEEB829058159007C4FB2 /* CombineAndCache.app */;
			productType = "com.apple.product-type.application";
		};
		2A7FEEC72905815C007C4FB2 /* CombineAndCacheTests */ = {
			isa = PBXNativeTarget;
			buildConfigurationList = 2A7FEEDF2905815C007C4FB2 /* Build configuration list for PBXNativeTarget "CombineAndCacheTests" */;
			buildPhases = (
				2A7FEEC42905815C007C4FB2 /* Sources */,
				2A7FEEC52905815C007C4FB2 /* Frameworks */,
				2A7FEEC62905815C007C4FB2 /* Resources */,
			);
			buildRules = (
			);
			dependencies = (
				2A7FEECA2905815C007C4FB2 /* PBXTargetDependency */,
			);
			name = CombineAndCacheTests;
			productName = CombineAndCacheTests;
			productReference = 2A7FEEC82905815C007C4FB2 /* CombineAndCacheTests.xctest */;
			productType = "com.apple.product-type.bundle.unit-test";
		};
		2A7FEED12905815C007C4FB2 /* CombineAndCacheUITests */ = {
			isa = PBXNativeTarget;
			buildConfigurationList = 2A7FEEE22905815C007C4FB2 /* Build configuration list for PBXNativeTarget "CombineAndCacheUITests" */;
			buildPhases = (
				2A7FEECE2905815C007C4FB2 /* Sources */,
				2A7FEECF2905815C007C4FB2 /* Frameworks */,
				2A7FEED02905815C007C4FB2 /* Resources */,
			);
			buildRules = (
			);
			dependencies = (
				2A7FEED42905815C007C4FB2 /* PBXTargetDependency */,
			);
			name = CombineAndCacheUITests;
			productName = CombineAndCacheUITests;
			productReference = 2A7FEED22905815C007C4FB2 /* CombineAndCacheUITests.xctest */;
			productType = "com.apple.product-type.bundle.ui-testing";
		};
/* End PBXNativeTarget section */

/* Begin PBXProject section */
		2A7FEEB029058159007C4FB2 /* Project object */ = {
			isa = PBXProject;
			attributes = {
				BuildIndependentTargetsInParallel = 1;
				LastSwiftUpdateCheck = 1340;
				LastUpgradeCheck = 1340;
				TargetAttributes = {
					2A7FEEB729058159007C4FB2 = {
						CreatedOnToolsVersion = 13.4.1;
					};
					2A7FEEC72905815C007C4FB2 = {
						CreatedOnToolsVersion = 13.4.1;
						TestTargetID = 2A7FEEB729058159007C4FB2;
					};
					2A7FEED12905815C007C4FB2 = {
						CreatedOnToolsVersion = 13.4.1;
						TestTargetID = 2A7FEEB729058159007C4FB2;
					};
				};
			};
			buildConfigurationList = 2A7FEEB329058159007C4FB2 /* Build configuration list for PBXProject "CombineAndCache" */;
			compatibilityVersion = "Xcode 13.0";
			developmentRegion = en;
			hasScannedForEncodings = 0;
			knownRegions = (
				en,
				Base,
			);
			mainGroup = 2A7FEEAF29058159007C4FB2;
			productRefGroup = 2A7FEEB929058159007C4FB2 /* Products */;
			projectDirPath = "";
			projectRoot = "";
			targets = (
				2A7FEEB729058159007C4FB2 /* CombineAndCache */,
				2A7FEEC72905815C007C4FB2 /* CombineAndCacheTests */,
				2A7FEED12905815C007C4FB2 /* CombineAndCacheUITests */,
			);
		};
/* End PBXProject section */

/* Begin PBXResourcesBuildPhase section */
		2A7FEEB629058159007C4FB2 /* Resources */ = {
			isa = PBXResourcesBuildPhase;
			buildActionMask = 2147483647;
			files = (
				2A7FEEC32905815C007C4FB2 /* Preview Assets.xcassets in Resources */,
				2A7FEEC02905815C007C4FB2 /* Assets.xcassets in Resources */,
			);
			runOnlyForDeploymentPostprocessing = 0;
		};
		2A7FEEC62905815C007C4FB2 /* Resources */ = {
			isa = PBXResourcesBuildPhase;
			buildActionMask = 2147483647;
			files = (
			);
			runOnlyForDeploymentPostprocessing = 0;
		};
		2A7FEED02905815C007C4FB2 /* Resources */ = {
			isa = PBXResourcesBuildPhase;
			buildActionMask = 2147483647;
			files = (
			);
			runOnlyForDeploymentPostprocessing = 0;
		};
/* End PBXResourcesBuildPhase section */

/* Begin PBXSourcesBuildPhase section */
		2A7FEEB429058159007C4FB2 /* Sources */ = {
			isa = PBXSourcesBuildPhase;
			buildActionMask = 2147483647;
			files = (
				2A7FEEBE29058159007C4FB2 /* ContentView.swift in Sources */,
				2A7FEEBC29058159007C4FB2 /* CombineAndCacheApp.swift in Sources */,
			);
			runOnlyForDeploymentPostprocessing = 0;
		};
		2A7FEEC42905815C007C4FB2 /* Sources */ = {
			isa = PBXSourcesBuildPhase;
			buildActionMask = 2147483647;
			files = (
				2A7FEECD2905815C007C4FB2 /* CombineAndCacheTests.swift in Sources */,
			);
			runOnlyForDeploymentPostprocessing = 0;
		};
		2A7FEECE2905815C007C4FB2 /* Sources */ = {
			isa = PBXSourcesBuildPhase;
			buildActionMask = 2147483647;
			files = (
				2A7FEED72905815C007C4FB2 /* CombineAndCacheUITests.swift in Sources */,
				2A7FEED92905815C007C4FB2 /* CombineAndCacheUITestsLaunchTests.swift in Sources */,
			);
			runOnlyForDeploymentPostprocessing = 0;
		};
/* End PBXSourcesBuildPhase section */

/* Begin PBXTargetDependency section */
		2A7FEECA2905815C007C4FB2 /* PBXTargetDependency */ = {
			isa = PBXTargetDependency;
			target = 2A7FEEB729058159007C4FB2 /* CombineAndCache */;
			targetProxy = 2A7FEEC92905815C007C4FB2 /* PBXContainerItemProxy */;
		};
		2A7FEED42905815C007C4FB2 /* PBXTargetDependency */ = {
			isa = PBXTargetDependency;
			target = 2A7FEEB729058159007C4FB2 /* CombineAndCache */;
			targetProxy = 2A7FEED32905815C007C4FB2 /* PBXContainerItemProxy */;
		};
/* End PBXTargetDependency section */

/* Begin XCBuildConfiguration section */
		2A7FEEDA2905815C007C4FB2 /* Debug */ = {
			isa = XCBuildConfiguration;
			buildSettings = {
				ALWAYS_SEARCH_USER_PATHS = NO;
				CLANG_ANALYZER_NONNULL = YES;
				CLANG_ANALYZER_NUMBER_OBJECT_CONVERSION = YES_AGGRESSIVE;
				CLANG_CXX_LANGUAGE_STANDARD = "gnu++17";
				CLANG_ENABLE_MODULES = YES;
				CLANG_ENABLE_OBJC_ARC = YES;
				CLANG_ENABLE_OBJC_WEAK = YES;
				CLANG_WARN_BLOCK_CAPTURE_AUTORELEASING = YES;
				CLANG_WARN_BOOL_CONVERSION = YES;
				CLANG_WARN_COMMA = YES;
				CLANG_WARN_CONSTANT_CONVERSION = YES;
				CLANG_WARN_DEPRECATED_OBJC_IMPLEMENTATIONS = YES;
				CLANG_WARN_DIRECT_OBJC_ISA_USAGE = YES_ERROR;
				CLANG_WARN_DOCUMENTATION_COMMENTS = YES;
				CLANG_WARN_EMPTY_BODY = YES;
				CLANG_WARN_ENUM_CONVERSION = YES;
				CLANG_WARN_INFINITE_RECURSION = YES;
				CLANG_WARN_INT_CONVERSION = YES;
				CLANG_WARN_NON_LITERAL_NULL_CONVERSION = YES;
				CLANG_WARN_OBJC_IMPLICIT_RETAIN_SELF = YES;
				CLANG_WARN_OBJC_LITERAL_CONVERSION = YES;
				CLANG_WARN_OBJC_ROOT_CLASS = YES_ERROR;
				CLANG_WARN_QUOTED_INCLUDE_IN_FRAMEWORK_HEADER = YES;
				CLANG_WARN_RANGE_LOOP_ANALYSIS = YES;
				CLANG_WARN_STRICT_PROTOTYPES = YES;
				CLANG_WARN_SUSPICIOUS_MOVE = YES;
				CLANG_WARN_UNGUARDED_AVAILABILITY = YES_AGGRESSIVE;
				CLANG_WARN_UNREACHABLE_CODE = YES;
				CLANG_WARN__DUPLICATE_METHOD_MATCH = YES;
				COPY_PHASE_STRIP = NO;
				DEBUG_INFORMATION_FORMAT = dwarf;
				ENABLE_STRICT_OBJC_MSGSEND = YES;
				ENABLE_TESTABILITY = YES;
				GCC_C_LANGUAGE_STANDARD = gnu11;
				GCC_DYNAMIC_NO_PIC = NO;
				GCC_NO_COMMON_BLOCKS = YES;
				GCC_OPTIMIZATION_LEVEL = 0;
				GCC_PREPROCESSOR_DEFINITIONS = (
					"DEBUG=1",
					"$(inherited)",
				);
				GCC_WARN_64_TO_32_BIT_CONVERSION = YES;
				GCC_WARN_ABOUT_RETURN_TYPE = YES_ERROR;
				GCC_WARN_UNDECLARED_SELECTOR = YES;
				GCC_WARN_UNINITIALIZED_AUTOS = YES_AGGRESSIVE;
				GCC_WARN_UNUSED_FUNCTION = YES;
				GCC_WARN_UNUSED_VARIABLE = YES;
				IPHONEOS_DEPLOYMENT_TARGET = 15.5;
				MTL_ENABLE_DEBUG_INFO = INCLUDE_SOURCE;
				MTL_FAST_MATH = YES;
				ONLY_ACTIVE_ARCH = YES;
				SDKROOT = iphoneos;
				SWIFT_ACTIVE_COMPILATION_CONDITIONS = DEBUG;
				SWIFT_OPTIMIZATION_LEVEL = "-Onone";
			};
			name = Debug;
		};
		2A7FEEDB2905815C007C4FB2 /* Release */ = {
			isa = XCBuildConfiguration;
			buildSettings = {
				ALWAYS_SEARCH_USER_PATHS = NO;
				CLANG_ANALYZER_NONNULL = YES;
				CLANG_ANALYZER_NUMBER_OBJECT_CONVERSION = YES_AGGRESSIVE;
				CLANG_CXX_LANGUAGE_STANDARD = "gnu++17";
				CLANG_ENABLE_MODULES = YES;
				CLANG_ENABLE_OBJC_ARC = YES;
				CLANG_ENABLE_OBJC_WEAK = YES;
				CLANG_WARN_BLOCK_CAPTURE_AUTORELEASING = YES;
				CLANG_WARN_BOOL_CONVERSION = YES;
				CLANG_WARN_COMMA = YES;
				CLANG_WARN_CONSTANT_CONVERSION = YES;
				CLANG_WARN_DEPRECATED_OBJC_IMPLEMENTATIONS = YES;
				CLANG_WARN_DIRECT_OBJC_ISA_USAGE = YES_ERROR;
				CLANG_WARN_DOCUMENTATION_COMMENTS = YES;
				CLANG_WARN_EMPTY_BODY = YES;
				CLANG_WARN_ENUM_CONVERSION = YES;
				CLANG_WARN_INFINITE_RECURSION = YES;
				CLANG_WARN_INT_CONVERSION = YES;
				CLANG_WARN_NON_LITERAL_NULL_CONVERSION = YES;
				CLANG_WARN_OBJC_IMPLICIT_RETAIN_SELF = YES;
				CLANG_WARN_OBJC_LITERAL_CONVERSION = YES;
				CLANG_WARN_OBJC_ROOT_CLASS = YES_ERROR;
				CLANG_WARN_QUOTED_INCLUDE_IN_FRAMEWORK_HEADER = YES;
				CLANG_WARN_RANGE_LOOP_ANALYSIS = YES;
				CLANG_WARN_STRICT_PROTOTYPES = YES;
				CLANG_WARN_SUSPICIOUS_MOVE = YES;
				CLANG_WARN_UNGUARDED_AVAILABILITY = YES_AGGRESSIVE;
				CLANG_WARN_UNREACHABLE_CODE = YES;
				CLANG_WARN__DUPLICATE_METHOD_MATCH = YES;
				COPY_PHASE_STRIP = NO;
				DEBUG_INFORMATION_FORMAT = "dwarf-with-dsym";
				ENABLE_NS_ASSERTIONS = NO;
				ENABLE_STRICT_OBJC_MSGSEND = YES;
				GCC_C_LANGUAGE_STANDARD = gnu11;
				GCC_NO_COMMON_BLOCKS = YES;
				GCC_WARN_64_TO_32_BIT_CONVERSION = YES;
				GCC_WARN_ABOUT_RETURN_TYPE = YES_ERROR;
				GCC_WARN_UNDECLARED_SELECTOR = YES;
				GCC_WARN_UNINITIALIZED_AUTOS = YES_AGGRESSIVE;
				GCC_WARN_UNUSED_FUNCTION = YES;
				GCC_WARN_UNUSED_VARIABLE = YES;
				IPHONEOS_DEPLOYMENT_TARGET = 15.5;
				MTL_ENABLE_DEBUG_INFO = NO;
				MTL_FAST_MATH = YES;
				SDKROOT = iphoneos;
				SWIFT_COMPILATION_MODE = wholemodule;
				SWIFT_OPTIMIZATION_LEVEL = "-O";
				VALIDATE_PRODUCT = YES;
			};
			name = Release;
		};
		2A7FEEDD2905815C007C4FB2 /* Debug */ = {
			isa = XCBuildConfiguration;
			buildSettings = {
				ASSETCATALOG_COMPILER_APPICON_NAME = AppIcon;
				ASSETCATALOG_COMPILER_GLOBAL_ACCENT_COLOR_NAME = AccentColor;
				CODE_SIGN_STYLE = Automatic;
				CURRENT_PROJECT_VERSION = 1;
				DEVELOPMENT_ASSET_PATHS = "\"CombineAndCache/Preview Content\"";
				DEVELOPMENT_TEAM = 9JRM3SAZ2F;
				ENABLE_PREVIEWS = YES;
				GENERATE_INFOPLIST_FILE = YES;
				INFOPLIST_KEY_UIApplicationSceneManifest_Generation = YES;
				INFOPLIST_KEY_UIApplicationSupportsIndirectInputEvents = YES;
				INFOPLIST_KEY_UILaunchScreen_Generation = YES;
				INFOPLIST_KEY_UISupportedInterfaceOrientations_iPad = "UIInterfaceOrientationPortrait UIInterfaceOrientationPortraitUpsideDown UIInterfaceOrientationLandscapeLeft UIInterfaceOrientationLandscapeRight";
				INFOPLIST_KEY_UISupportedInterfaceOrientations_iPhone = "UIInterfaceOrientationPortrait UIInterfaceOrientationLandscapeLeft UIInterfaceOrientationLandscapeRight";
				LD_RUNPATH_SEARCH_PATHS = (
					"$(inherited)",
					"@executable_path/Frameworks",
				);
				MARKETING_VERSION = 1.0;
				PRODUCT_BUNDLE_IDENTIFIER = hazemsmawy.CombineAndCache;
				PRODUCT_NAME = "$(TARGET_NAME)";
				SWIFT_EMIT_LOC_STRINGS = YES;
				SWIFT_VERSION = 5.0;
				TARGETED_DEVICE_FAMILY = "1,2";
			};
			name = Debug;
		};
		2A7FEEDE2905815C007C4FB2 /* Release */ = {
			isa = XCBuildConfiguration;
			buildSettings = {
				ASSETCATALOG_COMPILER_APPICON_NAME = AppIcon;
				ASSETCATALOG_COMPILER_GLOBAL_ACCENT_COLOR_NAME = AccentColor;
				CODE_SIGN_STYLE = Automatic;
				CURRENT_PROJECT_VERSION = 1;
				DEVELOPMENT_ASSET_PATHS = "\"CombineAndCache/Preview Content\"";
				DEVELOPMENT_TEAM = 9JRM3SAZ2F;
				ENABLE_PREVIEWS = YES;
				GENERATE_INFOPLIST_FILE = YES;
				INFOPLIST_KEY_UIApplicationSceneManifest_Generation = YES;
				INFOPLIST_KEY_UIApplicationSupportsIndirectInputEvents = YES;
				INFOPLIST_KEY_UILaunchScreen_Generation = YES;
				INFOPLIST_KEY_UISupportedInterfaceOrientations_iPad = "UIInterfaceOrientationPortrait UIInterfaceOrientationPortraitUpsideDown UIInterfaceOrientationLandscapeLeft UIInterfaceOrientationLandscapeRight";
				INFOPLIST_KEY_UISupportedInterfaceOrientations_iPhone = "UIInterfaceOrientationPortrait UIInterfaceOrientationLandscapeLeft UIInterfaceOrientationLandscapeRight";
				LD_RUNPATH_SEARCH_PATHS = (
					"$(inherited)",
					"@executable_path/Frameworks",
				);
				MARKETING_VERSION = 1.0;
				PRODUCT_BUNDLE_IDENTIFIER = hazemsmawy.CombineAndCache;
				PRODUCT_NAME = "$(TARGET_NAME)";
				SWIFT_EMIT_LOC_STRINGS = YES;
				SWIFT_VERSION = 5.0;
				TARGETED_DEVICE_FAMILY = "1,2";
			};
			name = Release;
		};
		2A7FEEE02905815C007C4FB2 /* Debug */ = {
			isa = XCBuildConfiguration;
			buildSettings = {
				ALWAYS_EMBED_SWIFT_STANDARD_LIBRARIES = YES;
				BUNDLE_LOADER = "$(TEST_HOST)";
				CODE_SIGN_STYLE = Automatic;
				CURRENT_PROJECT_VERSION = 1;
				DEVELOPMENT_TEAM = 9JRM3SAZ2F;
				GENERATE_INFOPLIST_FILE = YES;
				IPHONEOS_DEPLOYMENT_TARGET = 15.5;
				MARKETING_VERSION = 1.0;
				PRODUCT_BUNDLE_IDENTIFIER = hazemsmawy.CombineAndCacheTests;
				PRODUCT_NAME = "$(TARGET_NAME)";
				SWIFT_EMIT_LOC_STRINGS = NO;
				SWIFT_VERSION = 5.0;
				TARGETED_DEVICE_FAMILY = "1,2";
				TEST_HOST = "$(BUILT_PRODUCTS_DIR)/CombineAndCache.app/CombineAndCache";
			};
			name = Debug;
		};
		2A7FEEE12905815C007C4FB2 /* Release */ = {
			isa = XCBuildConfiguration;
			buildSettings = {
				ALWAYS_EMBED_SWIFT_STANDARD_LIBRARIES = YES;
				BUNDLE_LOADER = "$(TEST_HOST)";
				CODE_SIGN_STYLE = Automatic;
				CURRENT_PROJECT_VERSION = 1;
				DEVELOPMENT_TEAM = 9JRM3SAZ2F;
				GENERATE_INFOPLIST_FILE = YES;
				IPHONEOS_DEPLOYMENT_TARGET = 15.5;
				MARKETING_VERSION = 1.0;
				PRODUCT_BUNDLE_IDENTIFIER = hazemsmawy.CombineAndCacheTests;
				PRODUCT_NAME = "$(TARGET_NAME)";
				SWIFT_EMIT_LOC_STRINGS = NO;
				SWIFT_VERSION = 5.0;
				TARGETED_DEVICE_FAMILY = "1,2";
				TEST_HOST = "$(BUILT_PRODUCTS_DIR)/CombineAndCache.app/CombineAndCache";
			};
			name = Release;
		};
		2A7FEEE32905815C007C4FB2 /* Debug */ = {
			isa = XCBuildConfiguration;
			buildSettings = {
				ALWAYS_EMBED_SWIFT_STANDARD_LIBRARIES = YES;
				CODE_SIGN_STYLE = Automatic;
				CURRENT_PROJECT_VERSION = 1;
				DEVELOPMENT_TEAM = 9JRM3SAZ2F;
				GENERATE_INFOPLIST_FILE = YES;
				MARKETING_VERSION = 1.0;
				PRODUCT_BUNDLE_IDENTIFIER = hazemsmawy.CombineAndCacheUITests;
				PRODUCT_NAME = "$(TARGET_NAME)";
				SWIFT_EMIT_LOC_STRINGS = NO;
				SWIFT_VERSION = 5.0;
				TARGETED_DEVICE_FAMILY = "1,2";
				TEST_TARGET_NAME = CombineAndCache;
			};
			name = Debug;
		};
		2A7FEEE42905815C007C4FB2 /* Release */ = {
			isa = XCBuildConfiguration;
			buildSettings = {
				ALWAYS_EMBED_SWIFT_STANDARD_LIBRARIES = YES;
				CODE_SIGN_STYLE = Automatic;
				CURRENT_PROJECT_VERSION = 1;
				DEVELOPMENT_TEAM = 9JRM3SAZ2F;
				GENERATE_INFOPLIST_FILE = YES;
				MARKETING_VERSION = 1.0;
				PRODUCT_BUNDLE_IDENTIFIER = hazemsmawy.CombineAndCacheUITests;
				PRODUCT_NAME = "$(TARGET_NAME)";
				SWIFT_EMIT_LOC_STRINGS = NO;
				SWIFT_VERSION = 5.0;
				TARGETED_DEVICE_FAMILY = "1,2";
				TEST_TARGET_NAME = CombineAndCache;
			};
			name = Release;
		};
/* End XCBuildConfiguration section */

/* Begin XCConfigurationList section */
		2A7FEEB329058159007C4FB2 /* Build configuration list for PBXProject "CombineAndCache" */ = {
			isa = XCConfigurationList;
			buildConfigurations = (
				2A7FEEDA2905815C007C4FB2 /* Debug */,
				2A7FEEDB2905815C007C4FB2 /* Release */,
			);
			defaultConfigurationIsVisible = 0;
			defaultConfigurationName = Release;
		};
		2A7FEEDC2905815C007C4FB2 /* Build configuration list for PBXNativeTarget "CombineAndCache" */ = {
			isa = XCConfigurationList;
			buildConfigurations = (
				2A7FEEDD2905815C007C4FB2 /* Debug */,
				2A7FEEDE2905815C007C4FB2 /* Release */,
			);
			defaultConfigurationIsVisible = 0;
			defaultConfigurationName = Release;
		};
		2A7FEEDF2905815C007C4FB2 /* Build configuration list for PBXNativeTarget "CombineAndCacheTests" */ = {
			isa = XCConfigurationList;
			buildConfigurations = (
				2A7FEEE02905815C007C4FB2 /* Debug */,
				2A7FEEE12905815C007C4FB2 /* Release */,
			);
			defaultConfigurationIsVisible = 0;
			defaultConfigurationName = Release;
		};
		2A7FEEE22905815C007C4FB2 /* Build configuration list for PBXNativeTarget "CombineAndCacheUITests" */ = {
			isa = XCConfigurationList;
			buildConfigurations = (
				2A7FEEE32905815C007C4FB2 /* Debug */,
				2A7FEEE42905815C007C4FB2 /* Release */,
			);
			defaultConfigurationIsVisible = 0;
			defaultConfigurationName = Release;
		};
/* End XCConfigurationList section */
	};
	rootObject = 2A7FEEB029058159007C4FB2 /* Project object */;
}
